<?xml version="1.0" encoding="utf-8"?>
<Project ToolsVersion="4.0" xmlns="http://schemas.microsoft.com/developer/msbuild/2003">
  <ItemGroup>
    <Filter Include="Source Files">
      <UniqueIdentifier>{23b3c575-74d4-432e-a7e6-fb1f62881ccb}</UniqueIdentifier>
      <Extensions>cpp;c;cxx;rc;def;r;odl;idl;hpj;bat</Extensions>
    </Filter>
    <Filter Include="Deloware">
      <UniqueIdentifier>{934c87c7-574f-4dca-b5ee-db390fad09d7}</UniqueIdentifier>
    </Filter>
    <Filter Include="Engine">
      <UniqueIdentifier>{78bf3cb7-3b0d-457b-bcb5-7047bda74593}</UniqueIdentifier>
    </Filter>
    <Filter Include="Engine\AICity">
      <UniqueIdentifier>{0bb091dc-260f-4a5d-a2df-aced7ce5f4fd}</UniqueIdentifier>
    </Filter>
    <Filter Include="Engine\Import">
      <UniqueIdentifier>{0e825653-0ea5-4683-8912-c65e44a2cba3}</UniqueIdentifier>
    </Filter>
  </ItemGroup>
  <ItemGroup>
    <ClCompile Include="Deloware.cpp">
      <Filter>Source Files</Filter>
    </ClCompile>
    <ClCompile Include="..\DelNation.cpp">
      <Filter>Deloware</Filter>
    </ClCompile>
    <ClCompile Include="..\AICity.cpp">
      <Filter>Engine\AICity</Filter>
    </ClCompile>
  </ItemGroup>
  <ItemGroup>
    <None Include="..\..\..\Acr\Delavar.nds">
      <Filter>Deloware</Filter>
    </None>
  </ItemGroup>
  <ItemGroup>
    <ClInclude Include="..\DelNation.h">
      <Filter>Deloware</Filter>
    </ClInclude>
    <ClInclude Include="..\AICity.h">
      <Filter>Engine\AICity</Filter>
    </ClInclude>
    <ClInclude Include="..\AddScenario.h">
      <Filter>Engine\Import</Filter>
    </ClInclude>
    <ClInclude Include="..\AiPurpose.h">
      <Filter>Engine\Import</Filter>
    </ClInclude>
    <ClInclude Include="..\Import.h">
      <Filter>Engine\Import</Filter>
    </ClInclude>
    <ClInclude Include="..\OneObj.h">
      <Filter>Engine\Import</Filter>
    </ClInclude>
  </ItemGroup>
</Project>