<?xml version="1.0" encoding="utf-8"?>
<Project ToolsVersion="4.0" xmlns="http://schemas.microsoft.com/developer/msbuild/2003">
  <ItemGroup>
    <Filter Include="Source Files">
      <UniqueIdentifier>{72ec5fd3-3e3b-417e-84f3-5c04a342387c}</UniqueIdentifier>
      <Extensions>cpp;c;cxx;rc;def;r;odl;idl;hpj;bat</Extensions>
    </Filter>
    <Filter Include="Siu">
      <UniqueIdentifier>{f96ece87-8b14-4a3d-8d12-75afa4b5b4f0}</UniqueIdentifier>
    </Filter>
    <Filter Include="Engine">
      <UniqueIdentifier>{8b49da9d-df0e-41e2-8770-d4e5eba4689d}</UniqueIdentifier>
    </Filter>
    <Filter Include="Engine\AICity">
      <UniqueIdentifier>{23869ec8-39d8-4605-a32c-1f959fb92bca}</UniqueIdentifier>
    </Filter>
    <Filter Include="Engine\Import">
      <UniqueIdentifier>{4f7478ed-75f2-4990-90df-85e0474833d0}</UniqueIdentifier>
    </Filter>
  </ItemGroup>
  <ItemGroup>
    <ClCompile Include="Siu.cpp">
      <Filter>Source Files</Filter>
    </ClCompile>
    <ClCompile Include="..\SiuNation.cpp">
      <Filter>Siu</Filter>
    </ClCompile>
    <ClCompile Include="..\AICity.cpp">
      <Filter>Engine\AICity</Filter>
    </ClCompile>
  </ItemGroup>
  <ItemGroup>
    <None Include="..\..\..\Acr\Siu.nds">
      <Filter>Siu</Filter>
    </None>
  </ItemGroup>
  <ItemGroup>
    <ClInclude Include="..\SiuNation.h">
      <Filter>Siu</Filter>
    </ClInclude>
    <ClInclude Include="..\AICity.h">
      <Filter>Engine\AICity</Filter>
    </ClInclude>
    <ClInclude Include="..\AddScenario.h">
      <Filter>Engine\Import</Filter>
    </ClInclude>
    <ClInclude Include="..\AiPurpose.h">
      <Filter>Engine\Import</Filter>
    </ClInclude>
    <ClInclude Include="..\Import.h">
      <Filter>Engine\Import</Filter>
    </ClInclude>
    <ClInclude Include="..\OneObj.h">
      <Filter>Engine\Import</Filter>
    </ClInclude>
  </ItemGroup>
</Project>