<?xml version="1.0" encoding="utf-8"?>
<Project ToolsVersion="4.0" xmlns="http://schemas.microsoft.com/developer/msbuild/2003">
  <ItemGroup>
    <Filter Include="Source Files">
      <UniqueIdentifier>{febe0328-c9a5-485e-9f9b-add209da0383}</UniqueIdentifier>
      <Extensions>cpp;c;cxx;rc;def;r;odl;idl;hpj;bat</Extensions>
    </Filter>
    <Filter Include="USA">
      <UniqueIdentifier>{0911b198-4649-43f0-922d-f8fb58a030b6}</UniqueIdentifier>
    </Filter>
    <Filter Include="Engine">
      <UniqueIdentifier>{7698babf-1db1-4b49-9329-e114de1ff074}</UniqueIdentifier>
    </Filter>
    <Filter Include="Engine\AICity">
      <UniqueIdentifier>{a11d5cf7-80cf-461a-b52d-093b4dae7cfb}</UniqueIdentifier>
    </Filter>
    <Filter Include="Engine\Import">
      <UniqueIdentifier>{f314d750-2820-4781-8046-8cd34ebdc851}</UniqueIdentifier>
    </Filter>
  </ItemGroup>
  <ItemGroup>
    <ClCompile Include="USA.cpp">
      <Filter>Source Files</Filter>
    </ClCompile>
    <ClCompile Include="..\USANation.cpp">
      <Filter>USA</Filter>
    </ClCompile>
    <ClCompile Include="..\AICity.cpp">
      <Filter>Engine\AICity</Filter>
    </ClCompile>
  </ItemGroup>
  <ItemGroup>
    <None Include="..\..\..\Acr\USA.nds">
      <Filter>USA</Filter>
    </None>
  </ItemGroup>
  <ItemGroup>
    <ClInclude Include="..\USANation.h">
      <Filter>USA</Filter>
    </ClInclude>
    <ClInclude Include="..\AICity.h">
      <Filter>Engine\AICity</Filter>
    </ClInclude>
    <ClInclude Include="..\AddScenario.h">
      <Filter>Engine\Import</Filter>
    </ClInclude>
    <ClInclude Include="..\AiPurpose.h">
      <Filter>Engine\Import</Filter>
    </ClInclude>
    <ClInclude Include="..\Import.h">
      <Filter>Engine\Import</Filter>
    </ClInclude>
    <ClInclude Include="..\OneObj.h">
      <Filter>Engine\Import</Filter>
    </ClInclude>
  </ItemGroup>
</Project>